
Microsoft Visual Studio Solution File, Format Version 12.00
# Visual Studio 15
VisualStudioVersion = 15.0.26206.0
MinimumVisualStudioVersion = 10.0.40219.1
Project("{9A19103F-16F7-4668-BE54-9A1E7A4F7556}") = "RD.Web", "src\RD.Web\RD.Web.csproj", "{9D56EB0A-62A8-452A-B14F-B979B3AFCC13}"
EndProject
Project("{2150E333-8FDC-42A3-9474-1A3956D46DE8}") = "src", "src", "{CADBB0E3-E75B-4E33-B8CA-311E72C9A8C2}"
EndProject
Project("{2150E333-8FDC-42A3-9474-1A3956D46DE8}") = "test", "test", "{C3C8247E-B06E-48E9-8528-D44C496F1C5B}"
EndProject
Project("{9A19103F-16F7-4668-BE54-9A1E7A4F7556}") = "RD.Web.UnitTests", "test\RD.Web.UnitTests\RD.Web.UnitTests.csproj", "{F7D586B8-8A6D-41B7-852B-BEDF346F6585}"
EndProject
Project("{2150E333-8FDC-42A3-9474-1A3956D46DE8}") = "Solution Items", "Solution Items", "{1C8CE48A-A519-4763-B423-33A8BFD1AA5A}"
	ProjectSection(SolutionItems) = preProject
		.travis.yml = .travis.yml
	EndProjectSection
EndProject
Global
	GlobalSection(SolutionConfigurationPlatforms) = preSolution
		Debug|Any CPU = Debug|Any CPU
		Debug|x64 = Debug|x64
		Debug|x86 = Debug|x86
		Release|Any CPU = Release|Any CPU
		Release|x64 = Release|x64
		Release|x86 = Release|x86
	EndGlobalSection
	GlobalSection(ProjectConfigurationPlatforms) = postSolution
		{9D56EB0A-62A8-452A-B14F-B979B3AFCC13}.Debug|Any CPU.ActiveCfg = Debug|Any CPU
		{9D56EB0A-62A8-452A-B14F-B979B3AFCC13}.Debug|Any CPU.Build.0 = Debug|Any CPU
		{9D56EB0A-62A8-452A-B14F-B979B3AFCC13}.Debug|x64.ActiveCfg = Debug|x64
		{9D56EB0A-62A8-452A-B14F-B979B3AFCC13}.Debug|x64.Build.0 = Debug|x64
		{9D56EB0A-62A8-452A-B14F-B979B3AFCC13}.Debug|x86.ActiveCfg = Debug|x86
		{9D56EB0A-62A8-452A-B14F-B979B3AFCC13}.Debug|x86.Build.0 = Debug|x86
		{9D56EB0A-62A8-452A-B14F-B979B3AFCC13}.Release|Any CPU.ActiveCfg = Release|Any CPU
		{9D56EB0A-62A8-452A-B14F-B979B3AFCC13}.Release|Any CPU.Build.0 = Release|Any CPU
		{9D56EB0A-62A8-452A-B14F-B979B3AFCC13}.Release|x64.ActiveCfg = Release|x64
		{9D56EB0A-62A8-452A-B14F-B979B3AFCC13}.Release|x64.Build.0 = Release|x64
		{9D56EB0A-62A8-452A-B14F-B979B3AFCC13}.Release|x86.ActiveCfg = Release|x86
		{9D56EB0A-62A8-452A-B14F-B979B3AFCC13}.Release|x86.Build.0 = Release|x86
		{F7D586B8-8A6D-41B7-852B-BEDF346F6585}.Debug|Any CPU.ActiveCfg = Debug|Any CPU
		{F7D586B8-8A6D-41B7-852B-BEDF346F6585}.Debug|Any CPU.Build.0 = Debug|Any CPU
		{F7D586B8-8A6D-41B7-852B-BEDF346F6585}.Debug|x64.ActiveCfg = Debug|x64
		{F7D586B8-8A6D-41B7-852B-BEDF346F6585}.Debug|x64.Build.0 = Debug|x64
		{F7D586B8-8A6D-41B7-852B-BEDF346F6585}.Debug|x86.ActiveCfg = Debug|x86
		{F7D586B8-8A6D-41B7-852B-BEDF346F6585}.Debug|x86.Build.0 = Debug|x86
		{F7D586B8-8A6D-41B7-852B-BEDF346F6585}.Release|Any CPU.ActiveCfg = Release|Any CPU
		{F7D586B8-8A6D-41B7-852B-BEDF346F6585}.Release|Any CPU.Build.0 = Release|Any CPU
		{F7D586B8-8A6D-41B7-852B-BEDF346F6585}.Release|x64.ActiveCfg = Release|x64
		{F7D586B8-8A6D-41B7-852B-BEDF346F6585}.Release|x64.Build.0 = Release|x64
		{F7D586B8-8A6D-41B7-852B-BEDF346F6585}.Release|x86.ActiveCfg = Release|x86
		{F7D586B8-8A6D-41B7-852B-BEDF346F6585}.Release|x86.Build.0 = Release|x86
	EndGlobalSection
	GlobalSection(SolutionProperties) = preSolution
		HideSolutionNode = FALSE
	EndGlobalSection
	GlobalSection(NestedProjects) = preSolution
		{9D56EB0A-62A8-452A-B14F-B979B3AFCC13} = {CADBB0E3-E75B-4E33-B8CA-311E72C9A8C2}
		{F7D586B8-8A6D-41B7-852B-BEDF346F6585} = {C3C8247E-B06E-48E9-8528-D44C496F1C5B}
	EndGlobalSection
EndGlobal
